<?xml version="1.0" encoding="utf-8"?>
<Project ToolsVersion="4.0" xmlns="http://schemas.microsoft.com/developer/msbuild/2003">
  <ItemGroup>
    <Filter Include="ソース ファイル">
      <UniqueIdentifier>{4FC737F1-C7A5-4376-A066-2A32D752A2FF}</UniqueIdentifier>
      <Extensions>cpp;c;cc;cxx;c++;cppm;ixx;def;odl;idl;hpj;bat;asm;asmx</Extensions>
    </Filter>
    <Filter Include="リソース ファイル">
      <UniqueIdentifier>{67DA6AB6-F800-4c08-8B7A-83BB121AAD01}</UniqueIdentifier>
      <Extensions>rc;ico;cur;bmp;dlg;rc2;rct;bin;rgs;gif;jpg;jpeg;jpe;resx;tiff;tif;png;wav;mfcribbon-ms</Extensions>
    </Filter>
    <Filter Include="ソース ファイル\Engine">
      <UniqueIdentifier>{37a4585e-43f0-4e3e-9ba2-bbbd192709c8}</UniqueIdentifier>
    </Filter>
    <Filter Include="リソース ファイル\ヘッダー ファイル">
      <UniqueIdentifier>{93995380-89BD-4b04-88EB-625FBE52EBFB}</UniqueIdentifier>
      <Extensions>h;hh;hpp;hxx;h++;hm;inl;inc;ipp;xsd</Extensions>
    </Filter>
    <Filter Include="リソース ファイル\ヘッダー ファイル\Engine">
      <UniqueIdentifier>{b331aedf-ea63-4a4a-bf33-7786b9092dfd}</UniqueIdentifier>
    </Filter>
  </ItemGroup>
  <ItemGroup>
    <ClCompile Include="Main.cpp">
      <Filter>ソース ファイル</Filter>
    </ClCompile>
    <ClCompile Include="Engine\Camera.cpp">
      <Filter>ソース ファイル\Engine</Filter>
    </ClCompile>
    <ClCompile Include="Engine\Direct3D.cpp">
      <Filter>ソース ファイル\Engine</Filter>
    </ClCompile>
    <ClCompile Include="Engine\Fbx.cpp">
      <Filter>ソース ファイル\Engine</Filter>
    </ClCompile>
    <ClCompile Include="Engine\GameObject.cpp">
      <Filter>ソース ファイル\Engine</Filter>
    </ClCompile>
    <ClCompile Include="Engine\Input.cpp">
      <Filter>ソース ファイル\Engine</Filter>
    </ClCompile>
    <ClCompile Include="Engine\Quad.cpp">
      <Filter>ソース ファイル\Engine</Filter>
    </ClCompile>
    <ClCompile Include="Engine\Sprite.cpp">
      <Filter>ソース ファイル\Engine</Filter>
    </ClCompile>
    <ClCompile Include="Engine\Texture.cpp">
      <Filter>ソース ファイル\Engine</Filter>
    </ClCompile>
    <ClCompile Include="Engine\Transform.cpp">
      <Filter>ソース ファイル\Engine</Filter>
    </ClCompile>
    <ClCompile Include="Engine\RootJob.cpp">
      <Filter>ソース ファイル\Engine</Filter>
    </ClCompile>
    <ClCompile Include="TestScene.cpp">
      <Filter>ソース ファイル</Filter>
    </ClCompile>
    <ClCompile Include="Engine\SphereCollider.cpp">
      <Filter>ソース ファイル\Engine</Filter>
    </ClCompile>
    <ClCompile Include="Stage.cpp">
      <Filter>ソース ファイル</Filter>
    </ClCompile>
    <ClCompile Include="Engine\SceneManager.cpp">
      <Filter>ソース ファイル\Engine</Filter>
    </ClCompile>
    <ClCompile Include="Model.cpp">
      <Filter>ソース ファイル\Engine</Filter>
    </ClCompile>
    <ClCompile Include="Controller.cpp">
      <Filter>ソース ファイル</Filter>
    </ClCompile>
  </ItemGroup>
  <ItemGroup>
    <FxCompile Include="Simple3D.hlsl" />
    <FxCompile Include="Simple2D.hlsl" />
  </ItemGroup>
  <ItemGroup>
    <None Include="packages.config" />
  </ItemGroup>
  <ItemGroup>
    <ClInclude Include="Engine\Camera.h">
      <Filter>リソース ファイル\ヘッダー ファイル\Engine</Filter>
    </ClInclude>
    <ClInclude Include="Engine\Direct3D.h">
      <Filter>リソース ファイル\ヘッダー ファイル\Engine</Filter>
    </ClInclude>
    <ClInclude Include="Engine\Fbx.h">
      <Filter>リソース ファイル\ヘッダー ファイル\Engine</Filter>
    </ClInclude>
    <ClInclude Include="Engine\GameObject.h">
      <Filter>リソース ファイル\ヘッダー ファイル\Engine</Filter>
    </ClInclude>
    <ClInclude Include="Engine\Input.h">
      <Filter>リソース ファイル\ヘッダー ファイル\Engine</Filter>
    </ClInclude>
    <ClInclude Include="Engine\Quad.h">
      <Filter>リソース ファイル\ヘッダー ファイル\Engine</Filter>
    </ClInclude>
    <ClInclude Include="Engine\Sprite.h">
      <Filter>リソース ファイル\ヘッダー ファイル\Engine</Filter>
    </ClInclude>
    <ClInclude Include="Engine\Texture.h">
      <Filter>リソース ファイル\ヘッダー ファイル\Engine</Filter>
    </ClInclude>
    <ClInclude Include="Engine\Transform.h">
      <Filter>リソース ファイル\ヘッダー ファイル\Engine</Filter>
    </ClInclude>
    <ClInclude Include="Engine\RootJob.h">
      <Filter>リソース ファイル\ヘッダー ファイル</Filter>
    </ClInclude>
    <ClInclude Include="TestScene.h">
      <Filter>リソース ファイル\ヘッダー ファイル</Filter>
    </ClInclude>
    <ClInclude Include="Engine\SceneManager.h">
      <Filter>リソース ファイル\ヘッダー ファイル</Filter>
    </ClInclude>
    <ClInclude Include="Engine\SphereCollider.h">
      <Filter>リソース ファイル\ヘッダー ファイル\Engine</Filter>
    </ClInclude>
    <ClInclude Include="Stage.h">
      <Filter>リソース ファイル\ヘッダー ファイル</Filter>
    </ClInclude>
    <ClInclude Include="Engine\Model.h">
      <Filter>リソース ファイル\ヘッダー ファイル\Engine</Filter>
    </ClInclude>
    <ClInclude Include="Controller.h">
      <Filter>リソース ファイル\ヘッダー ファイル</Filter>
    </ClInclude>
  </ItemGroup>
</Project>